
Microsoft Visual Studio Solution File, Format Version 12.00
# Visual Studio Version 17
VisualStudioVersion = 17.4.33205.214
MinimumVisualStudioVersion = 10.0.40219.1
Project("{FAE04EC0-301F-11D3-BF4B-00C04F79EFBC}") = "BrowserControl", "BrowserControl.csproj", "{1E87DD70-B02B-421D-BF3C-1AB648BB0BB2}"
EndProject
Global
	GlobalSection(SolutionConfigurationPlatforms) = preSolution
		Debug|Any CPU = Debug|Any CPU
		Release|Any CPU = Release|Any CPU
	EndGlobalSection
	GlobalSection(ProjectConfigurationPlatforms) = postSolution
		{1E87DD70-B02B-421D-BF3C-1AB648BB0BB2}.Debug|Any CPU.ActiveCfg = Debug|Any CPU
		{1E87DD70-B02B-421D-BF3C-1AB648BB0BB2}.Debug|Any CPU.Build.0 = Debug|Any CPU
		{1E87DD70-B02B-421D-BF3C-1AB648BB0BB2}.Release|Any CPU.ActiveCfg = Release|Any CPU
		{1E87DD70-B02B-421D-BF3C-1AB648BB0BB2}.Release|Any CPU.Build.0 = Release|Any CPU
	EndGlobalSection
	GlobalSection(SolutionProperties) = preSolution
		HideSolutionNode = FALSE
	EndGlobalSection
	GlobalSection(ExtensibilityGlobals) = postSolution
		SolutionGuid = {3E780840-A1E0-4B7D-AE2D-5DF48DA93B1E}
	EndGlobalSection
EndGlobal
