
Microsoft Visual Studio Solution File, Format Version 12.00
# Visual Studio Version 17
VisualStudioVersion = 17.4.33205.214
MinimumVisualStudioVersion = 10.0.40219.1
Project("{E24C65DC-7377-472B-9ABA-BC803B73C61A}") = "http://virtual-world-systems.net", "http://virtual-world-systems.net", "{6743BF2C-0ACF-42CF-BA33-99318400F5E2}"
	ProjectSection(WebsiteProperties) = preProject
		UseIISExpress = "false"
		TargetFrameworkMoniker = ".NETFramework,Version%3Dv4.8"
		ProjectReferences = "{037d782e-2f9f-4205-bb1f-a73b32eea481}|WebResources.dll;"
		Debug.AspNetCompiler.VirtualPath = "/virtual-world-systems.net"
		Debug.AspNetCompiler.PhysicalPath = "..\WWW\WWW\"
		Debug.AspNetCompiler.TargetPath = "PrecompiledWeb\virtual-world-systems.net\"
		Debug.AspNetCompiler.Updateable = "true"
		Debug.AspNetCompiler.ForceOverwrite = "true"
		Debug.AspNetCompiler.FixedNames = "false"
		Debug.AspNetCompiler.Debug = "True"
		Release.AspNetCompiler.VirtualPath = "/virtual-world-systems.net"
		Release.AspNetCompiler.PhysicalPath = "..\WWW\WWW\"
		Release.AspNetCompiler.TargetPath = "PrecompiledWeb\virtual-world-systems.net\"
		Release.AspNetCompiler.Updateable = "true"
		Release.AspNetCompiler.ForceOverwrite = "true"
		Release.AspNetCompiler.FixedNames = "false"
		Release.AspNetCompiler.Debug = "False"
		SlnRelativePath = "..\WWW\WWW\"
	EndProjectSection
EndProject
Project("{FAE04EC0-301F-11D3-BF4B-00C04F79EFBC}") = "OpenSimulator", "..\OpenSimulator\OpenSimulator\OpenSimulator.csproj", "{2666048F-F3FF-466C-ACA6-F103CCF46CB5}"
EndProject
Project("{FAE04EC0-301F-11D3-BF4B-00C04F79EFBC}") = "WebResources", "..\..\..\..\..\..\..\WebResources\WebResources.csproj", "{037D782E-2F9F-4205-BB1F-A73B32EEA481}"
EndProject
Project("{FAE04EC0-301F-11D3-BF4B-00C04F79EFBC}") = "Transducer", "..\Libraries\Transducer\Transducer.csproj", "{C0FE2515-B503-4D2F-9071-D2419917E020}"
EndProject
Global
	GlobalSection(SolutionConfigurationPlatforms) = preSolution
		Debug|Any CPU = Debug|Any CPU
		Release|Any CPU = Release|Any CPU
	EndGlobalSection
	GlobalSection(ProjectConfigurationPlatforms) = postSolution
		{6743BF2C-0ACF-42CF-BA33-99318400F5E2}.Debug|Any CPU.ActiveCfg = Debug|Any CPU
		{6743BF2C-0ACF-42CF-BA33-99318400F5E2}.Debug|Any CPU.Build.0 = Debug|Any CPU
		{6743BF2C-0ACF-42CF-BA33-99318400F5E2}.Release|Any CPU.ActiveCfg = Debug|Any CPU
		{6743BF2C-0ACF-42CF-BA33-99318400F5E2}.Release|Any CPU.Build.0 = Debug|Any CPU
		{2666048F-F3FF-466C-ACA6-F103CCF46CB5}.Debug|Any CPU.ActiveCfg = Debug|Any CPU
		{2666048F-F3FF-466C-ACA6-F103CCF46CB5}.Debug|Any CPU.Build.0 = Debug|Any CPU
		{2666048F-F3FF-466C-ACA6-F103CCF46CB5}.Release|Any CPU.ActiveCfg = Release|Any CPU
		{2666048F-F3FF-466C-ACA6-F103CCF46CB5}.Release|Any CPU.Build.0 = Release|Any CPU
		{037D782E-2F9F-4205-BB1F-A73B32EEA481}.Debug|Any CPU.ActiveCfg = Debug|Any CPU
		{037D782E-2F9F-4205-BB1F-A73B32EEA481}.Debug|Any CPU.Build.0 = Debug|Any CPU
		{037D782E-2F9F-4205-BB1F-A73B32EEA481}.Release|Any CPU.ActiveCfg = Release|Any CPU
		{037D782E-2F9F-4205-BB1F-A73B32EEA481}.Release|Any CPU.Build.0 = Release|Any CPU
		{C0FE2515-B503-4D2F-9071-D2419917E020}.Debug|Any CPU.ActiveCfg = Debug|Any CPU
		{C0FE2515-B503-4D2F-9071-D2419917E020}.Debug|Any CPU.Build.0 = Debug|Any CPU
		{C0FE2515-B503-4D2F-9071-D2419917E020}.Release|Any CPU.ActiveCfg = Release|Any CPU
		{C0FE2515-B503-4D2F-9071-D2419917E020}.Release|Any CPU.Build.0 = Release|Any CPU
	EndGlobalSection
	GlobalSection(SolutionProperties) = preSolution
		HideSolutionNode = FALSE
	EndGlobalSection
	GlobalSection(ExtensibilityGlobals) = postSolution
		SolutionGuid = {E6F447D7-F11B-4982-8D52-9D458E3100AE}
	EndGlobalSection
EndGlobal
