
Microsoft Visual Studio Solution File, Format Version 12.00
# Visual Studio Version 17
VisualStudioVersion = 17.4.33205.214
MinimumVisualStudioVersion = 10.0.40219.1
Project("{E24C65DC-7377-472B-9ABA-BC803B73C61A}") = "http://virtual-world-systems.net", "http://virtual-world-systems.net", "{6743BF2C-0ACF-42CF-BA33-99318400F5E2}"
	ProjectSection(WebsiteProperties) = preProject
		UseIISExpress = "false"
		TargetFrameworkMoniker = ".NETFramework,Version%3Dv4.8"
		ProjectReferences = ""
		Debug.AspNetCompiler.VirtualPath = "/virtual-world-systems.net"
		Debug.AspNetCompiler.PhysicalPath = "..\WWW\WWW\"
		Debug.AspNetCompiler.TargetPath = "PrecompiledWeb\virtual-world-systems.net\"
		Debug.AspNetCompiler.Updateable = "true"
		Debug.AspNetCompiler.ForceOverwrite = "true"
		Debug.AspNetCompiler.FixedNames = "false"
		Debug.AspNetCompiler.Debug = "True"
		Release.AspNetCompiler.VirtualPath = "/virtual-world-systems.net"
		Release.AspNetCompiler.PhysicalPath = "..\WWW\WWW\"
		Release.AspNetCompiler.TargetPath = "PrecompiledWeb\virtual-world-systems.net\"
		Release.AspNetCompiler.Updateable = "true"
		Release.AspNetCompiler.ForceOverwrite = "true"
		Release.AspNetCompiler.FixedNames = "false"
		Release.AspNetCompiler.Debug = "False"
		SlnRelativePath = "..\WWW\WWW\"
	EndProjectSection
EndProject
Project("{FAE04EC0-301F-11D3-BF4B-00C04F79EFBC}") = "OpenSimulator", "..\OpenSimulator\OpenSimulator\OpenSimulator.csproj", "{2666048F-F3FF-466C-ACA6-F103CCF46CB5}"
EndProject
Project("{FAE04EC0-301F-11D3-BF4B-00C04F79EFBC}") = "Transducer", "..\Libraries\Transducer\Transducer.csproj", "{C0FE2515-B503-4D2F-9071-D2419917E020}"
EndProject
Project("{FAE04EC0-301F-11D3-BF4B-00C04F79EFBC}") = "Virtual World Systems (Windows Desktop)", "Windows Desktop\Virtual World Systems (Windows Desktop).csproj", "{BE9D4874-3FF5-42F0-B42B-6D85CC2E4F7C}"
EndProject
Project("{2150E333-8FDC-42A3-9474-1A3956D46DE8}") = "Solution Items", "Solution Items", "{C101ED19-002E-49F4-8135-C13DCDAFCF18}"
	ProjectSection(SolutionItems) = preProject
		.editorconfig = .editorconfig
	EndProjectSection
EndProject
Project("{FAE04EC0-301F-11D3-BF4B-00C04F79EFBC}") = "M33", "M33\M33.csproj", "{15B6FAD8-B271-42FD-9037-E82665AB4A41}"
EndProject
Project("{FAE04EC0-301F-11D3-BF4B-00C04F79EFBC}") = "SSLTCP", "SSLTCP\SSLTCP.csproj", "{88E38294-EE4D-4C46-8585-AA9C29057AAE}"
EndProject
Project("{FAE04EC0-301F-11D3-BF4B-00C04F79EFBC}") = "TCPInterceptor", "TCPInterceptor\TCPInterceptor.csproj", "{CB1D620F-E727-4175-877A-4C4587D0A4D5}"
EndProject
Project("{9A19103F-16F7-4668-BE54-9A1E7A4F7556}") = "ObjectModel", "ObjectModel\ObjectModel.csproj", "{70A9E19F-3537-491D-98DC-4E4C91A87D63}"
EndProject
Project("{9A19103F-16F7-4668-BE54-9A1E7A4F7556}") = "CrossPlatformConsoleApplication", "CrossPlatformConsoleApplication\CrossPlatformConsoleApplication.csproj", "{312BB14B-2F6D-492C-B7FA-880AC87A9FE5}"
EndProject
Project("{2150E333-8FDC-42A3-9474-1A3956D46DE8}") = "Projects", "Projects", "{7DD22DBE-FA9A-4E8F-AA98-1B1E86198D7F}"
EndProject
Global
	GlobalSection(SolutionConfigurationPlatforms) = preSolution
		Debug|Any CPU = Debug|Any CPU
		Release|Any CPU = Release|Any CPU
	EndGlobalSection
	GlobalSection(ProjectConfigurationPlatforms) = postSolution
		{6743BF2C-0ACF-42CF-BA33-99318400F5E2}.Debug|Any CPU.ActiveCfg = Debug|Any CPU
		{6743BF2C-0ACF-42CF-BA33-99318400F5E2}.Debug|Any CPU.Build.0 = Debug|Any CPU
		{6743BF2C-0ACF-42CF-BA33-99318400F5E2}.Release|Any CPU.ActiveCfg = Debug|Any CPU
		{6743BF2C-0ACF-42CF-BA33-99318400F5E2}.Release|Any CPU.Build.0 = Debug|Any CPU
		{2666048F-F3FF-466C-ACA6-F103CCF46CB5}.Debug|Any CPU.ActiveCfg = Debug|Any CPU
		{2666048F-F3FF-466C-ACA6-F103CCF46CB5}.Debug|Any CPU.Build.0 = Debug|Any CPU
		{2666048F-F3FF-466C-ACA6-F103CCF46CB5}.Release|Any CPU.ActiveCfg = Release|Any CPU
		{2666048F-F3FF-466C-ACA6-F103CCF46CB5}.Release|Any CPU.Build.0 = Release|Any CPU
		{C0FE2515-B503-4D2F-9071-D2419917E020}.Debug|Any CPU.ActiveCfg = Debug|Any CPU
		{C0FE2515-B503-4D2F-9071-D2419917E020}.Debug|Any CPU.Build.0 = Debug|Any CPU
		{C0FE2515-B503-4D2F-9071-D2419917E020}.Release|Any CPU.ActiveCfg = Release|Any CPU
		{C0FE2515-B503-4D2F-9071-D2419917E020}.Release|Any CPU.Build.0 = Release|Any CPU
		{BE9D4874-3FF5-42F0-B42B-6D85CC2E4F7C}.Debug|Any CPU.ActiveCfg = Debug|Any CPU
		{BE9D4874-3FF5-42F0-B42B-6D85CC2E4F7C}.Debug|Any CPU.Build.0 = Debug|Any CPU
		{BE9D4874-3FF5-42F0-B42B-6D85CC2E4F7C}.Release|Any CPU.ActiveCfg = Release|Any CPU
		{BE9D4874-3FF5-42F0-B42B-6D85CC2E4F7C}.Release|Any CPU.Build.0 = Release|Any CPU
		{15B6FAD8-B271-42FD-9037-E82665AB4A41}.Debug|Any CPU.ActiveCfg = Debug|Any CPU
		{15B6FAD8-B271-42FD-9037-E82665AB4A41}.Debug|Any CPU.Build.0 = Debug|Any CPU
		{15B6FAD8-B271-42FD-9037-E82665AB4A41}.Release|Any CPU.ActiveCfg = Release|Any CPU
		{15B6FAD8-B271-42FD-9037-E82665AB4A41}.Release|Any CPU.Build.0 = Release|Any CPU
		{88E38294-EE4D-4C46-8585-AA9C29057AAE}.Debug|Any CPU.ActiveCfg = Debug|Any CPU
		{88E38294-EE4D-4C46-8585-AA9C29057AAE}.Debug|Any CPU.Build.0 = Debug|Any CPU
		{88E38294-EE4D-4C46-8585-AA9C29057AAE}.Release|Any CPU.ActiveCfg = Release|Any CPU
		{88E38294-EE4D-4C46-8585-AA9C29057AAE}.Release|Any CPU.Build.0 = Release|Any CPU
		{CB1D620F-E727-4175-877A-4C4587D0A4D5}.Debug|Any CPU.ActiveCfg = Debug|Any CPU
		{CB1D620F-E727-4175-877A-4C4587D0A4D5}.Debug|Any CPU.Build.0 = Debug|Any CPU
		{CB1D620F-E727-4175-877A-4C4587D0A4D5}.Release|Any CPU.ActiveCfg = Release|Any CPU
		{CB1D620F-E727-4175-877A-4C4587D0A4D5}.Release|Any CPU.Build.0 = Release|Any CPU
		{70A9E19F-3537-491D-98DC-4E4C91A87D63}.Debug|Any CPU.ActiveCfg = Debug|Any CPU
		{70A9E19F-3537-491D-98DC-4E4C91A87D63}.Debug|Any CPU.Build.0 = Debug|Any CPU
		{70A9E19F-3537-491D-98DC-4E4C91A87D63}.Release|Any CPU.ActiveCfg = Release|Any CPU
		{70A9E19F-3537-491D-98DC-4E4C91A87D63}.Release|Any CPU.Build.0 = Release|Any CPU
		{312BB14B-2F6D-492C-B7FA-880AC87A9FE5}.Debug|Any CPU.ActiveCfg = Debug|Any CPU
		{312BB14B-2F6D-492C-B7FA-880AC87A9FE5}.Debug|Any CPU.Build.0 = Debug|Any CPU
		{312BB14B-2F6D-492C-B7FA-880AC87A9FE5}.Release|Any CPU.ActiveCfg = Release|Any CPU
		{312BB14B-2F6D-492C-B7FA-880AC87A9FE5}.Release|Any CPU.Build.0 = Release|Any CPU
	EndGlobalSection
	GlobalSection(SolutionProperties) = preSolution
		HideSolutionNode = FALSE
	EndGlobalSection
	GlobalSection(NestedProjects) = preSolution
		{2666048F-F3FF-466C-ACA6-F103CCF46CB5} = {7DD22DBE-FA9A-4E8F-AA98-1B1E86198D7F}
		{C0FE2515-B503-4D2F-9071-D2419917E020} = {7DD22DBE-FA9A-4E8F-AA98-1B1E86198D7F}
		{15B6FAD8-B271-42FD-9037-E82665AB4A41} = {7DD22DBE-FA9A-4E8F-AA98-1B1E86198D7F}
		{88E38294-EE4D-4C46-8585-AA9C29057AAE} = {7DD22DBE-FA9A-4E8F-AA98-1B1E86198D7F}
		{CB1D620F-E727-4175-877A-4C4587D0A4D5} = {7DD22DBE-FA9A-4E8F-AA98-1B1E86198D7F}
		{70A9E19F-3537-491D-98DC-4E4C91A87D63} = {7DD22DBE-FA9A-4E8F-AA98-1B1E86198D7F}
		{7DD22DBE-FA9A-4E8F-AA98-1B1E86198D7F} = {C101ED19-002E-49F4-8135-C13DCDAFCF18}
	EndGlobalSection
	GlobalSection(ExtensibilityGlobals) = postSolution
		SolutionGuid = {E6F447D7-F11B-4982-8D52-9D458E3100AE}
	EndGlobalSection
EndGlobal
